
Microsoft Visual Studio Solution File, Format Version 12.00
# Visual Studio Version 17
VisualStudioVersion = 17.3.32804.467
MinimumVisualStudioVersion = 10.0.40219.1
Project("{2150E333-8FDC-42A3-9474-1A3956D46DE8}") = "01 Infraestructure", "01 Infraestructure", "{2D5320CC-4E6B-4B14-8BBC-D46D7535CCBF}"
EndProject
Project("{9A19103F-16F7-4668-BE54-9A1E7A4F7556}") = "Infraestructure.Data", "Infraestructure.Data\Infraestructure.Data.csproj", "{F074A329-A85A-45E0-A02E-257A7F7BBAD2}"
EndProject
Project("{9A19103F-16F7-4668-BE54-9A1E7A4F7556}") = "Infraestructure.Interface", "Infraestructure.Interface\Infraestructure.Interface.csproj", "{70E0F068-E375-45CF-A4FF-CF71F1195A70}"
EndProject
Project("{9A19103F-16F7-4668-BE54-9A1E7A4F7556}") = "Infraestructure.Repository", "Infraestructure.Repository\Infraestructure.Repository.csproj", "{CFBDA0DF-6286-4F48-9C6E-81426919E815}"
EndProject
Project("{2150E333-8FDC-42A3-9474-1A3956D46DE8}") = "02 Domain", "02 Domain", "{FC1B824B-03F7-4688-8EE2-8F0E7254564F}"
EndProject
Project("{2150E333-8FDC-42A3-9474-1A3956D46DE8}") = "03 Application", "03 Application", "{B113AA09-2AB9-409D-8372-4977A8961E23}"
EndProject
Project("{2150E333-8FDC-42A3-9474-1A3956D46DE8}") = "04 Service", "04 Service", "{6C613498-7B3A-43FA-8189-68C3A7F10062}"
EndProject
Project("{2150E333-8FDC-42A3-9474-1A3956D46DE8}") = "05 Transversal", "05 Transversal", "{F4B41C98-3613-4C2D-84F7-A480B59A025B}"
EndProject
Project("{9A19103F-16F7-4668-BE54-9A1E7A4F7556}") = "Domain.Core", "Domain.Core\Domain.Core.csproj", "{CF1BEFB2-A6C8-4D6B-B9F2-9CAC90787C0B}"
EndProject
Project("{9A19103F-16F7-4668-BE54-9A1E7A4F7556}") = "Domain.Entity", "Domain.Entity\Domain.Entity.csproj", "{77AA675F-028C-44EB-A757-5F6B7807397B}"
EndProject
Project("{9A19103F-16F7-4668-BE54-9A1E7A4F7556}") = "Domain.Interface", "Domain.Interface\Domain.Interface.csproj", "{608DCEEB-1D5F-4546-A18C-E6464786E07F}"
EndProject
Project("{9A19103F-16F7-4668-BE54-9A1E7A4F7556}") = "Application.DTO", "Application.DTO\Application.DTO.csproj", "{46324C90-C6E5-4468-BD7E-6EDFD2F151C2}"
EndProject
Project("{9A19103F-16F7-4668-BE54-9A1E7A4F7556}") = "Application.Interface", "Application.Interface\Application.Interface.csproj", "{1701E0F5-D79A-4C9D-B10B-12487E27AC4D}"
EndProject
Project("{9A19103F-16F7-4668-BE54-9A1E7A4F7556}") = "Application.Main", "Application.Main\Application.Main.csproj", "{7237E048-5D86-4DFB-BAFF-CE370F05B771}"
EndProject
Project("{9A19103F-16F7-4668-BE54-9A1E7A4F7556}") = "Transversal.Common", "Transversal.Common\Transversal.Common.csproj", "{C99B62F3-C768-4B1C-876A-6AC55E63DF90}"
EndProject
Project("{9A19103F-16F7-4668-BE54-9A1E7A4F7556}") = "Transversal.Logging", "Transversal.Logging\Transversal.Logging.csproj", "{37EDC832-014E-4693-AE24-9EF336F06DA1}"
EndProject
Project("{9A19103F-16F7-4668-BE54-9A1E7A4F7556}") = "ROP", "ROP\ROP.csproj", "{04EC893A-6194-45C1-BF81-F374BA032D7B}"
EndProject
Project("{9A19103F-16F7-4668-BE54-9A1E7A4F7556}") = "ROP.ApiExtensions", "ROP.ApiExtensions\ROP.ApiExtensions.csproj", "{AA724706-F7DD-4CAA-A656-7C849FCE2EE4}"
EndProject
Project("{9A19103F-16F7-4668-BE54-9A1E7A4F7556}") = "ROP.ApiExtensions.Translations", "ROP.ApiExtensions.Translations\ROP.ApiExtensions.Translations.csproj", "{DB67763A-FBA8-4390-BE9A-1F7593B3C1DE}"
EndProject
Project("{9A19103F-16F7-4668-BE54-9A1E7A4F7556}") = "Service", "Service.Controller\Service.csproj", "{7CE55D8E-209B-4A5E-8741-65532AEC914B}"
EndProject
Global
	GlobalSection(SolutionConfigurationPlatforms) = preSolution
		Debug|Any CPU = Debug|Any CPU
		Release|Any CPU = Release|Any CPU
	EndGlobalSection
	GlobalSection(ProjectConfigurationPlatforms) = postSolution
		{F074A329-A85A-45E0-A02E-257A7F7BBAD2}.Debug|Any CPU.ActiveCfg = Debug|Any CPU
		{F074A329-A85A-45E0-A02E-257A7F7BBAD2}.Debug|Any CPU.Build.0 = Debug|Any CPU
		{F074A329-A85A-45E0-A02E-257A7F7BBAD2}.Release|Any CPU.ActiveCfg = Release|Any CPU
		{F074A329-A85A-45E0-A02E-257A7F7BBAD2}.Release|Any CPU.Build.0 = Release|Any CPU
		{70E0F068-E375-45CF-A4FF-CF71F1195A70}.Debug|Any CPU.ActiveCfg = Debug|Any CPU
		{70E0F068-E375-45CF-A4FF-CF71F1195A70}.Debug|Any CPU.Build.0 = Debug|Any CPU
		{70E0F068-E375-45CF-A4FF-CF71F1195A70}.Release|Any CPU.ActiveCfg = Release|Any CPU
		{70E0F068-E375-45CF-A4FF-CF71F1195A70}.Release|Any CPU.Build.0 = Release|Any CPU
		{CFBDA0DF-6286-4F48-9C6E-81426919E815}.Debug|Any CPU.ActiveCfg = Debug|Any CPU
		{CFBDA0DF-6286-4F48-9C6E-81426919E815}.Debug|Any CPU.Build.0 = Debug|Any CPU
		{CFBDA0DF-6286-4F48-9C6E-81426919E815}.Release|Any CPU.ActiveCfg = Release|Any CPU
		{CFBDA0DF-6286-4F48-9C6E-81426919E815}.Release|Any CPU.Build.0 = Release|Any CPU
		{CF1BEFB2-A6C8-4D6B-B9F2-9CAC90787C0B}.Debug|Any CPU.ActiveCfg = Debug|Any CPU
		{CF1BEFB2-A6C8-4D6B-B9F2-9CAC90787C0B}.Debug|Any CPU.Build.0 = Debug|Any CPU
		{CF1BEFB2-A6C8-4D6B-B9F2-9CAC90787C0B}.Release|Any CPU.ActiveCfg = Release|Any CPU
		{CF1BEFB2-A6C8-4D6B-B9F2-9CAC90787C0B}.Release|Any CPU.Build.0 = Release|Any CPU
		{77AA675F-028C-44EB-A757-5F6B7807397B}.Debug|Any CPU.ActiveCfg = Debug|Any CPU
		{77AA675F-028C-44EB-A757-5F6B7807397B}.Debug|Any CPU.Build.0 = Debug|Any CPU
		{77AA675F-028C-44EB-A757-5F6B7807397B}.Release|Any CPU.ActiveCfg = Release|Any CPU
		{77AA675F-028C-44EB-A757-5F6B7807397B}.Release|Any CPU.Build.0 = Release|Any CPU
		{608DCEEB-1D5F-4546-A18C-E6464786E07F}.Debug|Any CPU.ActiveCfg = Debug|Any CPU
		{608DCEEB-1D5F-4546-A18C-E6464786E07F}.Debug|Any CPU.Build.0 = Debug|Any CPU
		{608DCEEB-1D5F-4546-A18C-E6464786E07F}.Release|Any CPU.ActiveCfg = Release|Any CPU
		{608DCEEB-1D5F-4546-A18C-E6464786E07F}.Release|Any CPU.Build.0 = Release|Any CPU
		{46324C90-C6E5-4468-BD7E-6EDFD2F151C2}.Debug|Any CPU.ActiveCfg = Debug|Any CPU
		{46324C90-C6E5-4468-BD7E-6EDFD2F151C2}.Debug|Any CPU.Build.0 = Debug|Any CPU
		{46324C90-C6E5-4468-BD7E-6EDFD2F151C2}.Release|Any CPU.ActiveCfg = Release|Any CPU
		{46324C90-C6E5-4468-BD7E-6EDFD2F151C2}.Release|Any CPU.Build.0 = Release|Any CPU
		{1701E0F5-D79A-4C9D-B10B-12487E27AC4D}.Debug|Any CPU.ActiveCfg = Debug|Any CPU
		{1701E0F5-D79A-4C9D-B10B-12487E27AC4D}.Debug|Any CPU.Build.0 = Debug|Any CPU
		{1701E0F5-D79A-4C9D-B10B-12487E27AC4D}.Release|Any CPU.ActiveCfg = Release|Any CPU
		{1701E0F5-D79A-4C9D-B10B-12487E27AC4D}.Release|Any CPU.Build.0 = Release|Any CPU
		{7237E048-5D86-4DFB-BAFF-CE370F05B771}.Debug|Any CPU.ActiveCfg = Debug|Any CPU
		{7237E048-5D86-4DFB-BAFF-CE370F05B771}.Debug|Any CPU.Build.0 = Debug|Any CPU
		{7237E048-5D86-4DFB-BAFF-CE370F05B771}.Release|Any CPU.ActiveCfg = Release|Any CPU
		{7237E048-5D86-4DFB-BAFF-CE370F05B771}.Release|Any CPU.Build.0 = Release|Any CPU
		{C99B62F3-C768-4B1C-876A-6AC55E63DF90}.Debug|Any CPU.ActiveCfg = Debug|Any CPU
		{C99B62F3-C768-4B1C-876A-6AC55E63DF90}.Debug|Any CPU.Build.0 = Debug|Any CPU
		{C99B62F3-C768-4B1C-876A-6AC55E63DF90}.Release|Any CPU.ActiveCfg = Release|Any CPU
		{C99B62F3-C768-4B1C-876A-6AC55E63DF90}.Release|Any CPU.Build.0 = Release|Any CPU
		{37EDC832-014E-4693-AE24-9EF336F06DA1}.Debug|Any CPU.ActiveCfg = Debug|Any CPU
		{37EDC832-014E-4693-AE24-9EF336F06DA1}.Debug|Any CPU.Build.0 = Debug|Any CPU
		{37EDC832-014E-4693-AE24-9EF336F06DA1}.Release|Any CPU.ActiveCfg = Release|Any CPU
		{37EDC832-014E-4693-AE24-9EF336F06DA1}.Release|Any CPU.Build.0 = Release|Any CPU
		{04EC893A-6194-45C1-BF81-F374BA032D7B}.Debug|Any CPU.ActiveCfg = Debug|Any CPU
		{04EC893A-6194-45C1-BF81-F374BA032D7B}.Debug|Any CPU.Build.0 = Debug|Any CPU
		{04EC893A-6194-45C1-BF81-F374BA032D7B}.Release|Any CPU.ActiveCfg = Release|Any CPU
		{04EC893A-6194-45C1-BF81-F374BA032D7B}.Release|Any CPU.Build.0 = Release|Any CPU
		{AA724706-F7DD-4CAA-A656-7C849FCE2EE4}.Debug|Any CPU.ActiveCfg = Debug|Any CPU
		{AA724706-F7DD-4CAA-A656-7C849FCE2EE4}.Debug|Any CPU.Build.0 = Debug|Any CPU
		{AA724706-F7DD-4CAA-A656-7C849FCE2EE4}.Release|Any CPU.ActiveCfg = Release|Any CPU
		{AA724706-F7DD-4CAA-A656-7C849FCE2EE4}.Release|Any CPU.Build.0 = Release|Any CPU
		{DB67763A-FBA8-4390-BE9A-1F7593B3C1DE}.Debug|Any CPU.ActiveCfg = Debug|Any CPU
		{DB67763A-FBA8-4390-BE9A-1F7593B3C1DE}.Debug|Any CPU.Build.0 = Debug|Any CPU
		{DB67763A-FBA8-4390-BE9A-1F7593B3C1DE}.Release|Any CPU.ActiveCfg = Release|Any CPU
		{DB67763A-FBA8-4390-BE9A-1F7593B3C1DE}.Release|Any CPU.Build.0 = Release|Any CPU
		{7CE55D8E-209B-4A5E-8741-65532AEC914B}.Debug|Any CPU.ActiveCfg = Debug|Any CPU
		{7CE55D8E-209B-4A5E-8741-65532AEC914B}.Debug|Any CPU.Build.0 = Debug|Any CPU
		{7CE55D8E-209B-4A5E-8741-65532AEC914B}.Release|Any CPU.ActiveCfg = Release|Any CPU
		{7CE55D8E-209B-4A5E-8741-65532AEC914B}.Release|Any CPU.Build.0 = Release|Any CPU
	EndGlobalSection
	GlobalSection(SolutionProperties) = preSolution
		HideSolutionNode = FALSE
	EndGlobalSection
	GlobalSection(NestedProjects) = preSolution
		{F074A329-A85A-45E0-A02E-257A7F7BBAD2} = {2D5320CC-4E6B-4B14-8BBC-D46D7535CCBF}
		{70E0F068-E375-45CF-A4FF-CF71F1195A70} = {2D5320CC-4E6B-4B14-8BBC-D46D7535CCBF}
		{CFBDA0DF-6286-4F48-9C6E-81426919E815} = {2D5320CC-4E6B-4B14-8BBC-D46D7535CCBF}
		{CF1BEFB2-A6C8-4D6B-B9F2-9CAC90787C0B} = {FC1B824B-03F7-4688-8EE2-8F0E7254564F}
		{77AA675F-028C-44EB-A757-5F6B7807397B} = {FC1B824B-03F7-4688-8EE2-8F0E7254564F}
		{608DCEEB-1D5F-4546-A18C-E6464786E07F} = {FC1B824B-03F7-4688-8EE2-8F0E7254564F}
		{46324C90-C6E5-4468-BD7E-6EDFD2F151C2} = {B113AA09-2AB9-409D-8372-4977A8961E23}
		{1701E0F5-D79A-4C9D-B10B-12487E27AC4D} = {B113AA09-2AB9-409D-8372-4977A8961E23}
		{7237E048-5D86-4DFB-BAFF-CE370F05B771} = {B113AA09-2AB9-409D-8372-4977A8961E23}
		{C99B62F3-C768-4B1C-876A-6AC55E63DF90} = {F4B41C98-3613-4C2D-84F7-A480B59A025B}
		{37EDC832-014E-4693-AE24-9EF336F06DA1} = {F4B41C98-3613-4C2D-84F7-A480B59A025B}
		{04EC893A-6194-45C1-BF81-F374BA032D7B} = {F4B41C98-3613-4C2D-84F7-A480B59A025B}
		{AA724706-F7DD-4CAA-A656-7C849FCE2EE4} = {F4B41C98-3613-4C2D-84F7-A480B59A025B}
		{DB67763A-FBA8-4390-BE9A-1F7593B3C1DE} = {F4B41C98-3613-4C2D-84F7-A480B59A025B}
		{7CE55D8E-209B-4A5E-8741-65532AEC914B} = {6C613498-7B3A-43FA-8189-68C3A7F10062}
	EndGlobalSection
	GlobalSection(ExtensibilityGlobals) = postSolution
		SolutionGuid = {F5E6291D-A7AB-4B5F-9F24-F3D9CA79A0EA}
	EndGlobalSection
EndGlobal
